
Microsoft Visual Studio Solution File, Format Version 12.00
# Visual Studio Version 17
VisualStudioVersion = 17.4.33403.182
MinimumVisualStudioVersion = 10.0.40219.1
Project("{FAE04EC0-301F-11D3-BF4B-00C04F79EFBC}") = "CaptureImage", "CaptureImage\CaptureImage.csproj", "{0A2C575D-7061-4865-9E1A-210325662190}"
EndProject
Global
	GlobalSection(SolutionConfigurationPlatforms) = preSolution
		Debug|Any CPU = Debug|Any CPU
		Release|Any CPU = Release|Any CPU
	EndGlobalSection
	GlobalSection(ProjectConfigurationPlatforms) = postSolution
		{0A2C575D-7061-4865-9E1A-210325662190}.Debug|Any CPU.ActiveCfg = Debug|Any CPU
		{0A2C575D-7061-4865-9E1A-210325662190}.Debug|Any CPU.Build.0 = Debug|Any CPU
		{0A2C575D-7061-4865-9E1A-210325662190}.Release|Any CPU.ActiveCfg = Release|Any CPU
		{0A2C575D-7061-4865-9E1A-210325662190}.Release|Any CPU.Build.0 = Release|Any CPU
	EndGlobalSection
	GlobalSection(SolutionProperties) = preSolution
		HideSolutionNode = FALSE
	EndGlobalSection
	GlobalSection(ExtensibilityGlobals) = postSolution
		SolutionGuid = {680AE184-DAFC-4A42-82FB-2A0DE69C9C3D}
	EndGlobalSection
EndGlobal
